{
    "_meta": {
        "hash": {
            "sha256": "3a2cae6c9b8171d83b2ecec554d756171e75526eeef1d18d7ab5ba5d9ecead0e"
        },
        "pipfile-spec": 6,
        "requires": {
            "python_version": "3.8"
        },
        "sources": [
            {
                "name": "pypi",
                "url": "https://pypi.org/simple",
                "verify_ssl": true
            }
        ]
    },
    "default": {
        "beautifulsoup4": {
            "hashes": [
                "sha256:73cc4d115b96f79c7d77c1c7f7a0a8d4c57860d1041df407dd1aae7f07a77fd7",
                "sha256:a6237df3c32ccfaee4fd201c8f5f9d9df619b93121d01353a64a73ce8c6ef9a8",
                "sha256:e718f2342e2e099b640a34ab782407b7b676f47ee272d6739e60b8ea23829f2c"
            ],
            "index": "pypi",
            "version": "==4.9.1"
        },
        "certifi": {
            "hashes": [
                "sha256:5ad7e9a056d25ffa5082862e36f119f7f7cec6457fa07ee2f8c339814b80c9b1",
                "sha256:9cd41137dc19af6a5e03b630eefe7d1f458d964d406342dd3edf625839b944cc"
            ],
            "version": "==2020.4.5.2"
        },
        "chardet": {
            "hashes": [
                "sha256:84ab92ed1c4d4f16916e05906b6b75a6c0fb5db821cc65e70cbd64a3e2a5eaae",
                "sha256:fc323ffcaeaed0e0a02bf4d117757b98aed530d9ed4531e3e15460124c106691"
            ],
            "version": "==3.0.4"
        },
        "click": {
            "hashes": [
                "sha256:d2b5255c7c6349bc1bd1e59e08cd12acbbd63ce649f2588755783aa94dfb6b1a",
                "sha256:dacca89f4bfadd5de3d7489b7c8a566eee0d3676333fbb50030263894c38c0dc"
            ],
            "index": "pypi",
            "version": "==7.1.2"
        },
        "idna": {
            "hashes": [
                "sha256:7588d1c14ae4c77d74036e8c22ff447b26d0fde8f007354fd48a7814db15b7cb",
                "sha256:a068a21ceac8a4d63dbfd964670474107f541babbd2250d61922f029858365fa"
            ],
            "markers": "python_version >= '2.7' and python_version not in '3.0, 3.1, 3.2, 3.3'",
            "version": "==2.9"
        },
        "jenkinsapi": {
            "hashes": [
                "sha256:a212a244b0a6022a61657746c8120ac9b6db83432371b345154075eb8faceb61",
                "sha256:b9cb1b601e98bce521802ae72933ddc4d31ee3ff8aa59f94002570a69bd5bb0e"
            ],
            "index": "pypi",
            "version": "==0.3.11"
        },
        "pprint": {
            "hashes": [
                "sha256:c0fa22d1462351671ca098e9779bb26a23880011e93eea5f199a150ee7b92a16"
            ],
            "index": "pypi",
            "version": "==0.1"
        },
        "prompt-toolkit": {
            "hashes": [
                "sha256:7281b5199235adaef6980942840c43753e4ab20dfe41338da634fb41c194f9d8",
                "sha256:82c7f8e07d7a0411ff5367a5a8ff520f0112b9179f3e599ee8ad2ad9b943d911",
                "sha256:cc66413b1b4b17021675d9f2d15d57e640b06ddfd99bb724c73484126d22622f"
            ],
            "version": "==1.0.14"
        },
        "pyfiglet": {
            "hashes": [
                "sha256:c6c2321755d09267b438ec7b936825a4910fec696292139e664ca8670e103639",
                "sha256:d555bcea17fbeaf70eaefa48bb119352487e629c9b56f30f383e2c62dd67a01c"
            ],
            "index": "pypi",
            "version": "==0.8.post1"
        },
        "pygments": {
            "hashes": [
                "sha256:647344a061c249a3b74e230c739f434d7ea4d8b1d5f3721bc0f3558049b38f44",
                "sha256:ff7a40b4860b727ab48fad6360eb351cc1b33cbf9b15a0f689ca5353e9463324"
            ],
            "markers": "python_version >= '3.5'",
            "version": "==2.6.1"
        },
        "pyinquirer": {
            "hashes": [
                "sha256:c9a92d68d7727fbd886a7908c08fd9e9773e5dc211bf5cbf836ba90d366dee51"
            ],
            "index": "pypi",
            "version": "==1.0.3"
        },
        "pytz": {
            "hashes": [
                "sha256:a494d53b6d39c3c6e44c3bec237336e14305e4f29bbf800b599253057fbb79ed",
                "sha256:c35965d010ce31b23eeb663ed3cc8c906275d6be1a34393a1d73a41febf4a048"
            ],
            "version": "==2020.1"
        },
        "regex": {
            "hashes": [
                "sha256:150125da109fccdcc8fec3b0b386b2a5d6ca7cff076f8b622486d1ca868b0c10",
                "sha256:163bc0805e46acfa098dfc8c0b07f371577d505f603e48afc425ff475cdac3a5",
                "sha256:20c513893ff80bdbe4b4ce11ea2e93d49481f05b270595d82af69ffc402010a6",
                "sha256:21fc17cb868c4264f0813f992f46f9ae6fc8c309d4741091de4153bd1f6a6176",
                "sha256:2c928bc8e0c453d73dffa3193a6e37ee752ea36df0dd4601e21024d98274dfad",
                "sha256:2d9beca70e36f9c60d679e108c5fe49f3d4da79d13a13f91e5e759443bd954f9",
                "sha256:5735f26cacdb50b3d6d35ebf8fdeb504bd8b381e2d079d2d9f12ce534fc14ecd",
                "sha256:6edc5c190248d3b612f2cca45448cf8ebc3621d41afcd1c5708853cbb1dbb3b3",
                "sha256:7606dba82435429641efe4fbc580574942f89cf2b9c5c1f8bc1eab2bacbf7e8b",
                "sha256:8d1ee3796795e609ef7a3a5a35eaf4728038d986aa12c06b3fd1b92ee81911f4",
                "sha256:8d9bb2d90e23c51aacbc58c1a11320f49b335cd67a91986cdbebcc3e843e4de8",
                "sha256:97d414c41f19fd2362e493810caa8445c05e0a2d63a14081c972aad66284a8d2",
                "sha256:9e37502817225ee99d91d8418f5119e98c380b00e772d06915690c05290f32ee",
                "sha256:af7209b2fcc79ee2b0ad4ea080d70bb748450ec4f282cc9e864861e469b1072e",
                "sha256:c0849b0864ff451f04c8afb5fc28e9ed592262e03debdd227cf0f53e04a55dcd",
                "sha256:c4ac9215650688e78dea29b46adbdafb7b85058eebe92ef6ea848e14466c915f",
                "sha256:dcda6d4e1bbfc939b177c237aee41c9678eaaf71df482688f8986e8251e12345",
                "sha256:dd8501b8d9ea1aba53c4bc7d47bc72933f9b4213d534cf400f16c1431f51c8ba",
                "sha256:ec0e509ed1877ff1cbc6f0864689bb60384a303502c4d72d9a635f8a4676fd3f",
                "sha256:f6c8c3f56fef719180464855346e6e80971b86dfd9e5a0e356664b5baca53072",
                "sha256:ffd4f80602490a309064cf2b203e220d581c51660e01055c64bf5da450485ee6"
            ],
            "version": "==2020.6.7"
        },
        "requests": {
            "hashes": [
                "sha256:43999036bfa82904b6af1d99e4882b560e5e2c68e5c4b0aa03b655f3d7d73fee",
                "sha256:b3f43d496c6daba4493e7c431722aeb7dbc6288f52a6e04e7b6023b0247817e6"
            ],
            "index": "pypi",
            "version": "==2.23.0"
        },
        "six": {
            "hashes": [
                "sha256:30639c035cdb23534cd4aa2dd52c3bf48f06e5f4a941509c8bafd8ce11080259",
                "sha256:8b74bedcbbbaca38ff6d7491d76f2b06b3592611af620f8426e82dddb04a5ced"
            ],
            "index": "pypi",
            "version": "==1.15.0"
        },
        "soupsieve": {
            "hashes": [
                "sha256:1634eea42ab371d3d346309b93df7870a88610f0725d47528be902a0d95ecc55",
                "sha256:a59dc181727e95d25f781f0eb4fd1825ff45590ec8ff49eadfd7f1a537cc0232"
            ],
            "markers": "python_version >= '3.5'",
            "version": "==2.0.1"
        },
        "urllib3": {
            "hashes": [
                "sha256:3018294ebefce6572a474f0604c2021e33b3fd8006ecd11d62107a5d2a963527",
                "sha256:88206b0eb87e6d677d424843ac5209e3fb9d0190d0ee169599165ec25e9d9115"
            ],
            "markers": "python_version >= '2.7' and python_version not in '3.0, 3.1, 3.2, 3.3, 3.4' and python_version < '4'",
            "version": "==1.25.9"
        },
        "wcwidth": {
            "hashes": [
                "sha256:980fbf4f3c196c0f329cdcd1e84c554d6a211f18e252e525a0cf4223154a41d6",
                "sha256:edbc2b718b4db6cdf393eefe3a420183947d6aa312505ce6754516f458ff8830"
            ],
            "version": "==0.2.3"
        }
    },
    "develop": {}
}
