{
    "_meta": {
        "hash": {
            "sha256": "08df4353200fbc3fe21380b07849c1b104fb9b847dc55aae0772cb4e5bc7414d"
        },
        "pipfile-spec": 6,
        "requires": {
            "python_version": "3.8"
        },
        "sources": [
            {
                "name": "pypi",
                "url": "https://pypi.org/simple",
                "verify_ssl": true
            }
        ]
    },
    "default": {
        "beautifulsoup4": {
            "hashes": [
                "sha256:594ca51a10d2b3443cbac41214e12dbb2a1cd57e1a7344659849e2e20ba6a8d8",
                "sha256:a4bbe77fd30670455c5296242967a123ec28c37e9702a8a81bd2f20a4baf0368",
                "sha256:d4e96ac9b0c3a6d3f0caae2e4124e6055c5dcafde8e2f831ff194c104f0775a0"
            ],
            "version": "==4.9.0"
        },
        "bs4": {
            "hashes": [
                "sha256:36ecea1fd7cc5c0c6e4a1ff075df26d50da647b75376626cc186e2212886dd3a"
            ],
            "index": "pypi",
            "version": "==0.0.1"
        },
        "soupsieve": {
            "hashes": [
                "sha256:1634eea42ab371d3d346309b93df7870a88610f0725d47528be902a0d95ecc55",
                "sha256:a59dc181727e95d25f781f0eb4fd1825ff45590ec8ff49eadfd7f1a537cc0232"
            ],
            "version": "==2.0.1"
        }
    },
    "develop": {}
}
